// !$*UTF8*$!
{
	archiveVersion = 1;
	classes = {
	};
	objectVersion = 56;
	objects = {

/* Begin PBXBuildFile section */
		D015E1E32B1CC4F500019F03 /* MeetingHeaderView.swift in Sources */ = {isa = PBXBuildFile; fileRef = D015E1E22B1CC4F500019F03 /* MeetingHeaderView.swift */; };
		D015E1E52B1D084500019F03 /* ScrumProgressViewStyle.swift in Sources */ = {isa = PBXBuildFile; fileRef = D015E1E42B1D084500019F03 /* ScrumProgressViewStyle.swift */; };
		D015E1E82B1D08AE00019F03 /* ding.wav in Resources */ = {isa = PBXBuildFile; fileRef = D015E1E72B1D08AE00019F03 /* ding.wav */; };
		D015E1EA2B1D08CB00019F03 /* AVPlayer+Ding.swift in Sources */ = {isa = PBXBuildFile; fileRef = D015E1E92B1D08CB00019F03 /* AVPlayer+Ding.swift */; };
		D015E1EC2B1D08D900019F03 /* ScrumTimer.swift in Sources */ = {isa = PBXBuildFile; fileRef = D015E1EB2B1D08D900019F03 /* ScrumTimer.swift */; };
		D015E1EE2B1D346800019F03 /* MeetingFooterView.swift in Sources */ = {isa = PBXBuildFile; fileRef = D015E1ED2B1D346800019F03 /* MeetingFooterView.swift */; };
		D06706AD2B3E2EFB00D607F2 /* NewScrumSheet.swift in Sources */ = {isa = PBXBuildFile; fileRef = D06706AC2B3E2EFB00D607F2 /* NewScrumSheet.swift */; };
		D07A7F672B6FD1A90075648B /* History.swift in Sources */ = {isa = PBXBuildFile; fileRef = D07A7F662B6FD1A90075648B /* History.swift */; };
		D07A7F692B6FF9F90075648B /* ScrumStore.swift in Sources */ = {isa = PBXBuildFile; fileRef = D07A7F682B6FF9F90075648B /* ScrumStore.swift */; };
		D07A7F6B2B701CE00075648B /* ErrorWrapper.swift in Sources */ = {isa = PBXBuildFile; fileRef = D07A7F6A2B701CE00075648B /* ErrorWrapper.swift */; };
		D07A7F6D2B701F050075648B /* ErrorView.swift in Sources */ = {isa = PBXBuildFile; fileRef = D07A7F6C2B701F050075648B /* ErrorView.swift */; };
		D0C3C41F2AF71A720013C787 /* ScrumsView.swift in Sources */ = {isa = PBXBuildFile; fileRef = D0C3C41E2AF71A720013C787 /* ScrumsView.swift */; };
		D0C3C4212AF7C3D00013C787 /* DetailView.swift in Sources */ = {isa = PBXBuildFile; fileRef = D0C3C4202AF7C3D00013C787 /* DetailView.swift */; };
		D0C3C4232AF8054F0013C787 /* DetailEditView.swift in Sources */ = {isa = PBXBuildFile; fileRef = D0C3C4222AF8054F0013C787 /* DetailEditView.swift */; };
		D0C3C4252AF81A870013C787 /* ThemeView.swift in Sources */ = {isa = PBXBuildFile; fileRef = D0C3C4242AF81A870013C787 /* ThemeView.swift */; };
		D0C3C4272AF8251C0013C787 /* ThemePicker.swift in Sources */ = {isa = PBXBuildFile; fileRef = D0C3C4262AF8251C0013C787 /* ThemePicker.swift */; };
		D0D233C22AF6CAE100FA8933 /* ScrumdingerApp.swift in Sources */ = {isa = PBXBuildFile; fileRef = D0D233C12AF6CAE100FA8933 /* ScrumdingerApp.swift */; };
		D0D233C42AF6CAE100FA8933 /* MeetingView.swift in Sources */ = {isa = PBXBuildFile; fileRef = D0D233C32AF6CAE100FA8933 /* MeetingView.swift */; };
		D0D233C62AF6CAE200FA8933 /* Assets.xcassets in Resources */ = {isa = PBXBuildFile; fileRef = D0D233C52AF6CAE200FA8933 /* Assets.xcassets */; };
		D0D233C92AF6CAE200FA8933 /* Preview Assets.xcassets in Resources */ = {isa = PBXBuildFile; fileRef = D0D233C82AF6CAE200FA8933 /* Preview Assets.xcassets */; };
		D0D233D32AF6CAE200FA8933 /* ScrumdingerTests.swift in Sources */ = {isa = PBXBuildFile; fileRef = D0D233D22AF6CAE200FA8933 /* ScrumdingerTests.swift */; };
		D0D233DD2AF6CAE200FA8933 /* ScrumdingerUITests.swift in Sources */ = {isa = PBXBuildFile; fileRef = D0D233DC2AF6CAE200FA8933 /* ScrumdingerUITests.swift */; };
		D0D233DF2AF6CAE200FA8933 /* ScrumdingerUITestsLaunchTests.swift in Sources */ = {isa = PBXBuildFile; fileRef = D0D233DE2AF6CAE200FA8933 /* ScrumdingerUITestsLaunchTests.swift */; };
		D0D233ED2AF6D68B00FA8933 /* Theme.swift in Sources */ = {isa = PBXBuildFile; fileRef = D0D233EC2AF6D68B00FA8933 /* Theme.swift */; };
		D0D233EF2AF70C7400FA8933 /* DailyScrum.swift in Sources */ = {isa = PBXBuildFile; fileRef = D0D233EE2AF70C7400FA8933 /* DailyScrum.swift */; };
		D0D233F12AF70E1100FA8933 /* CardView.swift in Sources */ = {isa = PBXBuildFile; fileRef = D0D233F02AF70E1100FA8933 /* CardView.swift */; };
		D0D233F32AF712D100FA8933 /* TrailingIconLabelStyle.swift in Sources */ = {isa = PBXBuildFile; fileRef = D0D233F22AF712D100FA8933 /* TrailingIconLabelStyle.swift */; };
/* End PBXBuildFile section */

/* Begin PBXContainerItemProxy section */
		D0D233CF2AF6CAE200FA8933 /* PBXContainerItemProxy */ = {
			isa = PBXContainerItemProxy;
			containerPortal = D0D233B62AF6CAE100FA8933 /* Project object */;
			proxyType = 1;
			remoteGlobalIDString = D0D233BD2AF6CAE100FA8933;
			remoteInfo = Scrumdinger;
		};
		D0D233D92AF6CAE200FA8933 /* PBXContainerItemProxy */ = {
			isa = PBXContainerItemProxy;
			containerPortal = D0D233B62AF6CAE100FA8933 /* Project object */;
			proxyType = 1;
			remoteGlobalIDString = D0D233BD2AF6CAE100FA8933;
			remoteInfo = Scrumdinger;
		};
/* End PBXContainerItemProxy section */

/* Begin PBXFileReference section */
		D015E1E22B1CC4F500019F03 /* MeetingHeaderView.swift */ = {isa = PBXFileReference; lastKnownFileType = sourcecode.swift; path = MeetingHeaderView.swift; sourceTree = "<group>"; };
		D015E1E42B1D084500019F03 /* ScrumProgressViewStyle.swift */ = {isa = PBXFileReference; fileEncoding = 4; lastKnownFileType = sourcecode.swift; path = ScrumProgressViewStyle.swift; sourceTree = "<group>"; };
		D015E1E72B1D08AE00019F03 /* ding.wav */ = {isa = PBXFileReference; lastKnownFileType = audio.wav; path = ding.wav; sourceTree = "<group>"; };
		D015E1E92B1D08CB00019F03 /* AVPlayer+Ding.swift */ = {isa = PBXFileReference; fileEncoding = 4; lastKnownFileType = sourcecode.swift; path = "AVPlayer+Ding.swift"; sourceTree = "<group>"; };
		D015E1EB2B1D08D900019F03 /* ScrumTimer.swift */ = {isa = PBXFileReference; fileEncoding = 4; lastKnownFileType = sourcecode.swift; path = ScrumTimer.swift; sourceTree = "<group>"; };
		D015E1ED2B1D346800019F03 /* MeetingFooterView.swift */ = {isa = PBXFileReference; lastKnownFileType = sourcecode.swift; path = MeetingFooterView.swift; sourceTree = "<group>"; };
		D06706AC2B3E2EFB00D607F2 /* NewScrumSheet.swift */ = {isa = PBXFileReference; lastKnownFileType = sourcecode.swift; path = NewScrumSheet.swift; sourceTree = "<group>"; };
		D07A7F662B6FD1A90075648B /* History.swift */ = {isa = PBXFileReference; lastKnownFileType = sourcecode.swift; path = History.swift; sourceTree = "<group>"; };
		D07A7F682B6FF9F90075648B /* ScrumStore.swift */ = {isa = PBXFileReference; lastKnownFileType = sourcecode.swift; path = ScrumStore.swift; sourceTree = "<group>"; };
		D07A7F6A2B701CE00075648B /* ErrorWrapper.swift */ = {isa = PBXFileReference; lastKnownFileType = sourcecode.swift; path = ErrorWrapper.swift; sourceTree = "<group>"; };
		D07A7F6C2B701F050075648B /* ErrorView.swift */ = {isa = PBXFileReference; lastKnownFileType = sourcecode.swift; path = ErrorView.swift; sourceTree = "<group>"; };
		D0C3C41E2AF71A720013C787 /* ScrumsView.swift */ = {isa = PBXFileReference; lastKnownFileType = sourcecode.swift; path = ScrumsView.swift; sourceTree = "<group>"; };
		D0C3C4202AF7C3D00013C787 /* DetailView.swift */ = {isa = PBXFileReference; lastKnownFileType = sourcecode.swift; path = DetailView.swift; sourceTree = "<group>"; };
		D0C3C4222AF8054F0013C787 /* DetailEditView.swift */ = {isa = PBXFileReference; lastKnownFileType = sourcecode.swift; path = DetailEditView.swift; sourceTree = "<group>"; };
		D0C3C4242AF81A870013C787 /* ThemeView.swift */ = {isa = PBXFileReference; lastKnownFileType = sourcecode.swift; path = ThemeView.swift; sourceTree = "<group>"; };
		D0C3C4262AF8251C0013C787 /* ThemePicker.swift */ = {isa = PBXFileReference; lastKnownFileType = sourcecode.swift; path = ThemePicker.swift; sourceTree = "<group>"; };
		D0D233BE2AF6CAE100FA8933 /* Scrumdinger.app */ = {isa = PBXFileReference; explicitFileType = wrapper.application; includeInIndex = 0; path = Scrumdinger.app; sourceTree = BUILT_PRODUCTS_DIR; };
		D0D233C12AF6CAE100FA8933 /* ScrumdingerApp.swift */ = {isa = PBXFileReference; lastKnownFileType = sourcecode.swift; path = ScrumdingerApp.swift; sourceTree = "<group>"; };
		D0D233C32AF6CAE100FA8933 /* MeetingView.swift */ = {isa = PBXFileReference; lastKnownFileType = sourcecode.swift; path = MeetingView.swift; sourceTree = "<group>"; };
		D0D233C52AF6CAE200FA8933 /* Assets.xcassets */ = {isa = PBXFileReference; lastKnownFileType = folder.assetcatalog; path = Assets.xcassets; sourceTree = "<group>"; };
		D0D233C82AF6CAE200FA8933 /* Preview Assets.xcassets */ = {isa = PBXFileReference; lastKnownFileType = folder.assetcatalog; path = "Preview Assets.xcassets"; sourceTree = "<group>"; };
		D0D233CE2AF6CAE200FA8933 /* ScrumdingerTests.xctest */ = {isa = PBXFileReference; explicitFileType = wrapper.cfbundle; includeInIndex = 0; path = ScrumdingerTests.xctest; sourceTree = BUILT_PRODUCTS_DIR; };
		D0D233D22AF6CAE200FA8933 /* ScrumdingerTests.swift */ = {isa = PBXFileReference; lastKnownFileType = sourcecode.swift; path = ScrumdingerTests.swift; sourceTree = "<group>"; };
		D0D233D82AF6CAE200FA8933 /* ScrumdingerUITests.xctest */ = {isa = PBXFileReference; explicitFileType = wrapper.cfbundle; includeInIndex = 0; path = ScrumdingerUITests.xctest; sourceTree = BUILT_PRODUCTS_DIR; };
		D0D233DC2AF6CAE200FA8933 /* ScrumdingerUITests.swift */ = {isa = PBXFileReference; lastKnownFileType = sourcecode.swift; path = ScrumdingerUITests.swift; sourceTree = "<group>"; };
		D0D233DE2AF6CAE200FA8933 /* ScrumdingerUITestsLaunchTests.swift */ = {isa = PBXFileReference; lastKnownFileType = sourcecode.swift; path = ScrumdingerUITestsLaunchTests.swift; sourceTree = "<group>"; };
		D0D233EC2AF6D68B00FA8933 /* Theme.swift */ = {isa = PBXFileReference; lastKnownFileType = sourcecode.swift; path = Theme.swift; sourceTree = "<group>"; };
		D0D233EE2AF70C7400FA8933 /* DailyScrum.swift */ = {isa = PBXFileReference; lastKnownFileType = sourcecode.swift; path = DailyScrum.swift; sourceTree = "<group>"; };
		D0D233F02AF70E1100FA8933 /* CardView.swift */ = {isa = PBXFileReference; lastKnownFileType = sourcecode.swift; path = CardView.swift; sourceTree = "<group>"; };
		D0D233F22AF712D100FA8933 /* TrailingIconLabelStyle.swift */ = {isa = PBXFileReference; lastKnownFileType = sourcecode.swift; path = TrailingIconLabelStyle.swift; sourceTree = "<group>"; };
/* End PBXFileReference section */

/* Begin PBXFrameworksBuildPhase section */
		D0D233BB2AF6CAE100FA8933 /* Frameworks */ = {
			isa = PBXFrameworksBuildPhase;
			buildActionMask = 2147483647;
			files = (
			);
			runOnlyForDeploymentPostprocessing = 0;
		};
		D0D233CB2AF6CAE200FA8933 /* Frameworks */ = {
			isa = PBXFrameworksBuildPhase;
			buildActionMask = 2147483647;
			files = (
			);
			runOnlyForDeploymentPostprocessing = 0;
		};
		D0D233D52AF6CAE200FA8933 /* Frameworks */ = {
			isa = PBXFrameworksBuildPhase;
			buildActionMask = 2147483647;
			files = (
			);
			runOnlyForDeploymentPostprocessing = 0;
		};
/* End PBXFrameworksBuildPhase section */

/* Begin PBXGroup section */
		D015E1E62B1D089B00019F03 /* Resources */ = {
			isa = PBXGroup;
			children = (
				D015E1E72B1D08AE00019F03 /* ding.wav */,
			);
			path = Resources;
			sourceTree = "<group>";
		};
		D0C3C41D2AF71A410013C787 /* Views */ = {
			isa = PBXGroup;
			children = (
				D015E1E42B1D084500019F03 /* ScrumProgressViewStyle.swift */,
				D0D233F02AF70E1100FA8933 /* CardView.swift */,
				D0D233C32AF6CAE100FA8933 /* MeetingView.swift */,
				D0D233F22AF712D100FA8933 /* TrailingIconLabelStyle.swift */,
				D0C3C41E2AF71A720013C787 /* ScrumsView.swift */,
				D0C3C4202AF7C3D00013C787 /* DetailView.swift */,
				D0C3C4222AF8054F0013C787 /* DetailEditView.swift */,
				D0C3C4242AF81A870013C787 /* ThemeView.swift */,
				D0C3C4262AF8251C0013C787 /* ThemePicker.swift */,
				D015E1E22B1CC4F500019F03 /* MeetingHeaderView.swift */,
				D015E1ED2B1D346800019F03 /* MeetingFooterView.swift */,
				D06706AC2B3E2EFB00D607F2 /* NewScrumSheet.swift */,
				D07A7F6C2B701F050075648B /* ErrorView.swift */,
			);
			path = Views;
			sourceTree = "<group>";
		};
		D0D233B52AF6CAE100FA8933 = {
			isa = PBXGroup;
			children = (
				D0D233C02AF6CAE100FA8933 /* Scrumdinger */,
				D0D233D12AF6CAE200FA8933 /* ScrumdingerTests */,
				D0D233DB2AF6CAE200FA8933 /* ScrumdingerUITests */,
				D0D233BF2AF6CAE100FA8933 /* Products */,
			);
			sourceTree = "<group>";
		};
		D0D233BF2AF6CAE100FA8933 /* Products */ = {
			isa = PBXGroup;
			children = (
				D0D233BE2AF6CAE100FA8933 /* Scrumdinger.app */,
				D0D233CE2AF6CAE200FA8933 /* ScrumdingerTests.xctest */,
				D0D233D82AF6CAE200FA8933 /* ScrumdingerUITests.xctest */,
			);
			name = Products;
			sourceTree = "<group>";
		};
		D0D233C02AF6CAE100FA8933 /* Scrumdinger */ = {
			isa = PBXGroup;
			children = (
				D015E1E62B1D089B00019F03 /* Resources */,
				D0C3C41D2AF71A410013C787 /* Views */,
				D0D233EB2AF6D66B00FA8933 /* Models */,
				D0D233C12AF6CAE100FA8933 /* ScrumdingerApp.swift */,
				D0D233C52AF6CAE200FA8933 /* Assets.xcassets */,
				D0D233C72AF6CAE200FA8933 /* Preview Content */,
			);
			path = Scrumdinger;
			sourceTree = "<group>";
		};
		D0D233C72AF6CAE200FA8933 /* Preview Content */ = {
			isa = PBXGroup;
			children = (
				D0D233C82AF6CAE200FA8933 /* Preview Assets.xcassets */,
			);
			path = "Preview Content";
			sourceTree = "<group>";
		};
		D0D233D12AF6CAE200FA8933 /* ScrumdingerTests */ = {
			isa = PBXGroup;
			children = (
				D0D233D22AF6CAE200FA8933 /* ScrumdingerTests.swift */,
			);
			path = ScrumdingerTests;
			sourceTree = "<group>";
		};
		D0D233DB2AF6CAE200FA8933 /* ScrumdingerUITests */ = {
			isa = PBXGroup;
			children = (
				D0D233DC2AF6CAE200FA8933 /* ScrumdingerUITests.swift */,
				D0D233DE2AF6CAE200FA8933 /* ScrumdingerUITestsLaunchTests.swift */,
			);
			path = ScrumdingerUITests;
			sourceTree = "<group>";
		};
		D0D233EB2AF6D66B00FA8933 /* Models */ = {
			isa = PBXGroup;
			children = (
				D015E1E92B1D08CB00019F03 /* AVPlayer+Ding.swift */,
				D015E1EB2B1D08D900019F03 /* ScrumTimer.swift */,
				D0D233EC2AF6D68B00FA8933 /* Theme.swift */,
				D0D233EE2AF70C7400FA8933 /* DailyScrum.swift */,
				D07A7F662B6FD1A90075648B /* History.swift */,
				D07A7F682B6FF9F90075648B /* ScrumStore.swift */,
				D07A7F6A2B701CE00075648B /* ErrorWrapper.swift */,
			);
			path = Models;
			sourceTree = "<group>";
		};
/* End PBXGroup section */

/* Begin PBXNativeTarget section */
		D0D233BD2AF6CAE100FA8933 /* Scrumdinger */ = {
			isa = PBXNativeTarget;
			buildConfigurationList = D0D233E22AF6CAE200FA8933 /* Build configuration list for PBXNativeTarget "Scrumdinger" */;
			buildPhases = (
				D0D233BA2AF6CAE100FA8933 /* Sources */,
				D0D233BB2AF6CAE100FA8933 /* Frameworks */,
				D0D233BC2AF6CAE100FA8933 /* Resources */,
			);
			buildRules = (
			);
			dependencies = (
			);
			name = Scrumdinger;
			productName = Scrumdinger;
			productReference = D0D233BE2AF6CAE100FA8933 /* Scrumdinger.app */;
			productType = "com.apple.product-type.application";
		};
		D0D233CD2AF6CAE200FA8933 /* ScrumdingerTests */ = {
			isa = PBXNativeTarget;
			buildConfigurationList = D0D233E52AF6CAE200FA8933 /* Build configuration list for PBXNativeTarget "ScrumdingerTests" */;
			buildPhases = (
				D0D233CA2AF6CAE200FA8933 /* Sources */,
				D0D233CB2AF6CAE200FA8933 /* Frameworks */,
				D0D233CC2AF6CAE200FA8933 /* Resources */,
			);
			buildRules = (
			);
			dependencies = (
				D0D233D02AF6CAE200FA8933 /* PBXTargetDependency */,
			);
			name = ScrumdingerTests;
			productName = ScrumdingerTests;
			productReference = D0D233CE2AF6CAE200FA8933 /* ScrumdingerTests.xctest */;
			productType = "com.apple.product-type.bundle.unit-test";
		};
		D0D233D72AF6CAE200FA8933 /* ScrumdingerUITests */ = {
			isa = PBXNativeTarget;
			buildConfigurationList = D0D233E82AF6CAE200FA8933 /* Build configuration list for PBXNativeTarget "ScrumdingerUITests" */;
			buildPhases = (
				D0D233D42AF6CAE200FA8933 /* Sources */,
				D0D233D52AF6CAE200FA8933 /* Frameworks */,
				D0D233D62AF6CAE200FA8933 /* Resources */,
			);
			buildRules = (
			);
			dependencies = (
				D0D233DA2AF6CAE200FA8933 /* PBXTargetDependency */,
			);
			name = ScrumdingerUITests;
			productName = ScrumdingerUITests;
			productReference = D0D233D82AF6CAE200FA8933 /* ScrumdingerUITests.xctest */;
			productType = "com.apple.product-type.bundle.ui-testing";
		};
/* End PBXNativeTarget section */

/* Begin PBXProject section */
		D0D233B62AF6CAE100FA8933 /* Project object */ = {
			isa = PBXProject;
			attributes = {
				BuildIndependentTargetsInParallel = 1;
				LastSwiftUpdateCheck = 1500;
				LastUpgradeCheck = 1500;
				TargetAttributes = {
					D0D233BD2AF6CAE100FA8933 = {
						CreatedOnToolsVersion = 15.0;
					};
					D0D233CD2AF6CAE200FA8933 = {
						CreatedOnToolsVersion = 15.0;
						TestTargetID = D0D233BD2AF6CAE100FA8933;
					};
					D0D233D72AF6CAE200FA8933 = {
						CreatedOnToolsVersion = 15.0;
						TestTargetID = D0D233BD2AF6CAE100FA8933;
					};
				};
			};
			buildConfigurationList = D0D233B92AF6CAE100FA8933 /* Build configuration list for PBXProject "Scrumdinger" */;
			compatibilityVersion = "Xcode 14.0";
			developmentRegion = en;
			hasScannedForEncodings = 0;
			knownRegions = (
				en,
				Base,
			);
			mainGroup = D0D233B52AF6CAE100FA8933;
			productRefGroup = D0D233BF2AF6CAE100FA8933 /* Products */;
			projectDirPath = "";
			projectRoot = "";
			targets = (
				D0D233BD2AF6CAE100FA8933 /* Scrumdinger */,
				D0D233CD2AF6CAE200FA8933 /* ScrumdingerTests */,
				D0D233D72AF6CAE200FA8933 /* ScrumdingerUITests */,
			);
		};
/* End PBXProject section */

/* Begin PBXResourcesBuildPhase section */
		D0D233BC2AF6CAE100FA8933 /* Resources */ = {
			isa = PBXResourcesBuildPhase;
			buildActionMask = 2147483647;
			files = (
				D015E1E82B1D08AE00019F03 /* ding.wav in Resources */,
				D0D233C92AF6CAE200FA8933 /* Preview Assets.xcassets in Resources */,
				D0D233C62AF6CAE200FA8933 /* Assets.xcassets in Resources */,
			);
			runOnlyForDeploymentPostprocessing = 0;
		};
		D0D233CC2AF6CAE200FA8933 /* Resources */ = {
			isa = PBXResourcesBuildPhase;
			buildActionMask = 2147483647;
			files = (
			);
			runOnlyForDeploymentPostprocessing = 0;
		};
		D0D233D62AF6CAE200FA8933 /* Resources */ = {
			isa = PBXResourcesBuildPhase;
			buildActionMask = 2147483647;
			files = (
			);
			runOnlyForDeploymentPostprocessing = 0;
		};
/* End PBXResourcesBuildPhase section */

/* Begin PBXSourcesBuildPhase section */
		D0D233BA2AF6CAE100FA8933 /* Sources */ = {
			isa = PBXSourcesBuildPhase;
			buildActionMask = 2147483647;
			files = (
				D07A7F672B6FD1A90075648B /* History.swift in Sources */,
				D0C3C4272AF8251C0013C787 /* ThemePicker.swift in Sources */,
				D015E1E52B1D084500019F03 /* ScrumProgressViewStyle.swift in Sources */,
				D0D233EF2AF70C7400FA8933 /* DailyScrum.swift in Sources */,
				D07A7F6D2B701F050075648B /* ErrorView.swift in Sources */,
				D0C3C4212AF7C3D00013C787 /* DetailView.swift in Sources */,
				D015E1E32B1CC4F500019F03 /* MeetingHeaderView.swift in Sources */,
				D07A7F692B6FF9F90075648B /* ScrumStore.swift in Sources */,
				D015E1EE2B1D346800019F03 /* MeetingFooterView.swift in Sources */,
				D07A7F6B2B701CE00075648B /* ErrorWrapper.swift in Sources */,
				D0C3C4232AF8054F0013C787 /* DetailEditView.swift in Sources */,
				D0D233F32AF712D100FA8933 /* TrailingIconLabelStyle.swift in Sources */,
				D06706AD2B3E2EFB00D607F2 /* NewScrumSheet.swift in Sources */,
				D0D233ED2AF6D68B00FA8933 /* Theme.swift in Sources */,
				D0C3C41F2AF71A720013C787 /* ScrumsView.swift in Sources */,
				D015E1EC2B1D08D900019F03 /* ScrumTimer.swift in Sources */,
				D015E1EA2B1D08CB00019F03 /* AVPlayer+Ding.swift in Sources */,
				D0D233C42AF6CAE100FA8933 /* MeetingView.swift in Sources */,
				D0D233C22AF6CAE100FA8933 /* ScrumdingerApp.swift in Sources */,
				D0C3C4252AF81A870013C787 /* ThemeView.swift in Sources */,
				D0D233F12AF70E1100FA8933 /* CardView.swift in Sources */,
			);
			runOnlyForDeploymentPostprocessing = 0;
		};
		D0D233CA2AF6CAE200FA8933 /* Sources */ = {
			isa = PBXSourcesBuildPhase;
			buildActionMask = 2147483647;
			files = (
				D0D233D32AF6CAE200FA8933 /* ScrumdingerTests.swift in Sources */,
			);
			runOnlyForDeploymentPostprocessing = 0;
		};
		D0D233D42AF6CAE200FA8933 /* Sources */ = {
			isa = PBXSourcesBuildPhase;
			buildActionMask = 2147483647;
			files = (
				D0D233DF2AF6CAE200FA8933 /* ScrumdingerUITestsLaunchTests.swift in Sources */,
				D0D233DD2AF6CAE200FA8933 /* ScrumdingerUITests.swift in Sources */,
			);
			runOnlyForDeploymentPostprocessing = 0;
		};
/* End PBXSourcesBuildPhase section */

/* Begin PBXTargetDependency section */
		D0D233D02AF6CAE200FA8933 /* PBXTargetDependency */ = {
			isa = PBXTargetDependency;
			target = D0D233BD2AF6CAE100FA8933 /* Scrumdinger */;
			targetProxy = D0D233CF2AF6CAE200FA8933 /* PBXContainerItemProxy */;
		};
		D0D233DA2AF6CAE200FA8933 /* PBXTargetDependency */ = {
			isa = PBXTargetDependency;
			target = D0D233BD2AF6CAE100FA8933 /* Scrumdinger */;
			targetProxy = D0D233D92AF6CAE200FA8933 /* PBXContainerItemProxy */;
		};
/* End PBXTargetDependency section */

/* Begin XCBuildConfiguration section */
		D0D233E02AF6CAE200FA8933 /* Debug */ = {
			isa = XCBuildConfiguration;
			buildSettings = {
				ALWAYS_SEARCH_USER_PATHS = NO;
				ASSETCATALOG_COMPILER_GENERATE_SWIFT_ASSET_SYMBOL_EXTENSIONS = YES;
				CLANG_ANALYZER_NONNULL = YES;
				CLANG_ANALYZER_NUMBER_OBJECT_CONVERSION = YES_AGGRESSIVE;
				CLANG_CXX_LANGUAGE_STANDARD = "gnu++20";
				CLANG_ENABLE_MODULES = YES;
				CLANG_ENABLE_OBJC_ARC = YES;
				CLANG_ENABLE_OBJC_WEAK = YES;
				CLANG_WARN_BLOCK_CAPTURE_AUTORELEASING = YES;
				CLANG_WARN_BOOL_CONVERSION = YES;
				CLANG_WARN_COMMA = YES;
				CLANG_WARN_CONSTANT_CONVERSION = YES;
				CLANG_WARN_DEPRECATED_OBJC_IMPLEMENTATIONS = YES;
				CLANG_WARN_DIRECT_OBJC_ISA_USAGE = YES_ERROR;
				CLANG_WARN_DOCUMENTATION_COMMENTS = YES;
				CLANG_WARN_EMPTY_BODY = YES;
				CLANG_WARN_ENUM_CONVERSION = YES;
				CLANG_WARN_INFINITE_RECURSION = YES;
				CLANG_WARN_INT_CONVERSION = YES;
				CLANG_WARN_NON_LITERAL_NULL_CONVERSION = YES;
				CLANG_WARN_OBJC_IMPLICIT_RETAIN_SELF = YES;
				CLANG_WARN_OBJC_LITERAL_CONVERSION = YES;
				CLANG_WARN_OBJC_ROOT_CLASS = YES_ERROR;
				CLANG_WARN_QUOTED_INCLUDE_IN_FRAMEWORK_HEADER = YES;
				CLANG_WARN_RANGE_LOOP_ANALYSIS = YES;
				CLANG_WARN_STRICT_PROTOTYPES = YES;
				CLANG_WARN_SUSPICIOUS_MOVE = YES;
				CLANG_WARN_UNGUARDED_AVAILABILITY = YES_AGGRESSIVE;
				CLANG_WARN_UNREACHABLE_CODE = YES;
				CLANG_WARN__DUPLICATE_METHOD_MATCH = YES;
				COPY_PHASE_STRIP = NO;
				DEBUG_INFORMATION_FORMAT = dwarf;
				ENABLE_STRICT_OBJC_MSGSEND = YES;
				ENABLE_TESTABILITY = YES;
				ENABLE_USER_SCRIPT_SANDBOXING = YES;
				GCC_C_LANGUAGE_STANDARD = gnu17;
				GCC_DYNAMIC_NO_PIC = NO;
				GCC_NO_COMMON_BLOCKS = YES;
				GCC_OPTIMIZATION_LEVEL = 0;
				GCC_PREPROCESSOR_DEFINITIONS = (
					"DEBUG=1",
					"$(inherited)",
				);
				GCC_WARN_64_TO_32_BIT_CONVERSION = YES;
				GCC_WARN_ABOUT_RETURN_TYPE = YES_ERROR;
				GCC_WARN_UNDECLARED_SELECTOR = YES;
				GCC_WARN_UNINITIALIZED_AUTOS = YES_AGGRESSIVE;
				GCC_WARN_UNUSED_FUNCTION = YES;
				GCC_WARN_UNUSED_VARIABLE = YES;
				IPHONEOS_DEPLOYMENT_TARGET = 17.0;
				LOCALIZATION_PREFERS_STRING_CATALOGS = YES;
				MTL_ENABLE_DEBUG_INFO = INCLUDE_SOURCE;
				MTL_FAST_MATH = YES;
				ONLY_ACTIVE_ARCH = YES;
				SDKROOT = iphoneos;
				SWIFT_ACTIVE_COMPILATION_CONDITIONS = "DEBUG $(inherited)";
				SWIFT_OPTIMIZATION_LEVEL = "-Onone";
			};
			name = Debug;
		};
		D0D233E12AF6CAE200FA8933 /* Release */ = {
			isa = XCBuildConfiguration;
			buildSettings = {
				ALWAYS_SEARCH_USER_PATHS = NO;
				ASSETCATALOG_COMPILER_GENERATE_SWIFT_ASSET_SYMBOL_EXTENSIONS = YES;
				CLANG_ANALYZER_NONNULL = YES;
				CLANG_ANALYZER_NUMBER_OBJECT_CONVERSION = YES_AGGRESSIVE;
				CLANG_CXX_LANGUAGE_STANDARD = "gnu++20";
				CLANG_ENABLE_MODULES = YES;
				CLANG_ENABLE_OBJC_ARC = YES;
				CLANG_ENABLE_OBJC_WEAK = YES;
				CLANG_WARN_BLOCK_CAPTURE_AUTORELEASING = YES;
				CLANG_WARN_BOOL_CONVERSION = YES;
				CLANG_WARN_COMMA = YES;
				CLANG_WARN_CONSTANT_CONVERSION = YES;
				CLANG_WARN_DEPRECATED_OBJC_IMPLEMENTATIONS = YES;
				CLANG_WARN_DIRECT_OBJC_ISA_USAGE = YES_ERROR;
				CLANG_WARN_DOCUMENTATION_COMMENTS = YES;
				CLANG_WARN_EMPTY_BODY = YES;
				CLANG_WARN_ENUM_CONVERSION = YES;
				CLANG_WARN_INFINITE_RECURSION = YES;
				CLANG_WARN_INT_CONVERSION = YES;
				CLANG_WARN_NON_LITERAL_NULL_CONVERSION = YES;
				CLANG_WARN_OBJC_IMPLICIT_RETAIN_SELF = YES;
				CLANG_WARN_OBJC_LITERAL_CONVERSION = YES;
				CLANG_WARN_OBJC_ROOT_CLASS = YES_ERROR;
				CLANG_WARN_QUOTED_INCLUDE_IN_FRAMEWORK_HEADER = YES;
				CLANG_WARN_RANGE_LOOP_ANALYSIS = YES;
				CLANG_WARN_STRICT_PROTOTYPES = YES;
				CLANG_WARN_SUSPICIOUS_MOVE = YES;
				CLANG_WARN_UNGUARDED_AVAILABILITY = YES_AGGRESSIVE;
				CLANG_WARN_UNREACHABLE_CODE = YES;
				CLANG_WARN__DUPLICATE_METHOD_MATCH = YES;
				COPY_PHASE_STRIP = NO;
				DEBUG_INFORMATION_FORMAT = "dwarf-with-dsym";
				ENABLE_NS_ASSERTIONS = NO;
				ENABLE_STRICT_OBJC_MSGSEND = YES;
				ENABLE_USER_SCRIPT_SANDBOXING = YES;
				GCC_C_LANGUAGE_STANDARD = gnu17;
				GCC_NO_COMMON_BLOCKS = YES;
				GCC_WARN_64_TO_32_BIT_CONVERSION = YES;
				GCC_WARN_ABOUT_RETURN_TYPE = YES_ERROR;
				GCC_WARN_UNDECLARED_SELECTOR = YES;
				GCC_WARN_UNINITIALIZED_AUTOS = YES_AGGRESSIVE;
				GCC_WARN_UNUSED_FUNCTION = YES;
				GCC_WARN_UNUSED_VARIABLE = YES;
				IPHONEOS_DEPLOYMENT_TARGET = 17.0;
				LOCALIZATION_PREFERS_STRING_CATALOGS = YES;
				MTL_ENABLE_DEBUG_INFO = NO;
				MTL_FAST_MATH = YES;
				SDKROOT = iphoneos;
				SWIFT_COMPILATION_MODE = wholemodule;
				VALIDATE_PRODUCT = YES;
			};
			name = Release;
		};
		D0D233E32AF6CAE200FA8933 /* Debug */ = {
			isa = XCBuildConfiguration;
			buildSettings = {
				ASSETCATALOG_COMPILER_APPICON_NAME = AppIcon;
				ASSETCATALOG_COMPILER_GLOBAL_ACCENT_COLOR_NAME = AccentColor;
				CODE_SIGN_STYLE = Automatic;
				CURRENT_PROJECT_VERSION = 1;
				DEVELOPMENT_ASSET_PATHS = "\"Scrumdinger/Preview Content\"";
				ENABLE_PREVIEWS = YES;
				GENERATE_INFOPLIST_FILE = YES;
				INFOPLIST_KEY_UIApplicationSceneManifest_Generation = YES;
				INFOPLIST_KEY_UIApplicationSupportsIndirectInputEvents = YES;
				INFOPLIST_KEY_UILaunchScreen_Generation = YES;
				INFOPLIST_KEY_UISupportedInterfaceOrientations_iPad = "UIInterfaceOrientationPortrait UIInterfaceOrientationPortraitUpsideDown UIInterfaceOrientationLandscapeLeft UIInterfaceOrientationLandscapeRight";
				INFOPLIST_KEY_UISupportedInterfaceOrientations_iPhone = "UIInterfaceOrientationPortrait UIInterfaceOrientationLandscapeLeft UIInterfaceOrientationLandscapeRight";
				LD_RUNPATH_SEARCH_PATHS = (
					"$(inherited)",
					"@executable_path/Frameworks",
				);
				MARKETING_VERSION = 1.0;
				PRODUCT_BUNDLE_IDENTIFIER = saringer.Scrumdinger;
				PRODUCT_NAME = "$(TARGET_NAME)";
				SWIFT_EMIT_LOC_STRINGS = YES;
				SWIFT_VERSION = 5.0;
				TARGETED_DEVICE_FAMILY = "1,2";
			};
			name = Debug;
		};
		D0D233E42AF6CAE200FA8933 /* Release */ = {
			isa = XCBuildConfiguration;
			buildSettings = {
				ASSETCATALOG_COMPILER_APPICON_NAME = AppIcon;
				ASSETCATALOG_COMPILER_GLOBAL_ACCENT_COLOR_NAME = AccentColor;
				CODE_SIGN_STYLE = Automatic;
				CURRENT_PROJECT_VERSION = 1;
				DEVELOPMENT_ASSET_PATHS = "\"Scrumdinger/Preview Content\"";
				ENABLE_PREVIEWS = YES;
				GENERATE_INFOPLIST_FILE = YES;
				INFOPLIST_KEY_UIApplicationSceneManifest_Generation = YES;
				INFOPLIST_KEY_UIApplicationSupportsIndirectInputEvents = YES;
				INFOPLIST_KEY_UILaunchScreen_Generation = YES;
				INFOPLIST_KEY_UISupportedInterfaceOrientations_iPad = "UIInterfaceOrientationPortrait UIInterfaceOrientationPortraitUpsideDown UIInterfaceOrientationLandscapeLeft UIInterfaceOrientationLandscapeRight";
				INFOPLIST_KEY_UISupportedInterfaceOrientations_iPhone = "UIInterfaceOrientationPortrait UIInterfaceOrientationLandscapeLeft UIInterfaceOrientationLandscapeRight";
				LD_RUNPATH_SEARCH_PATHS = (
					"$(inherited)",
					"@executable_path/Frameworks",
				);
				MARKETING_VERSION = 1.0;
				PRODUCT_BUNDLE_IDENTIFIER = saringer.Scrumdinger;
				PRODUCT_NAME = "$(TARGET_NAME)";
				SWIFT_EMIT_LOC_STRINGS = YES;
				SWIFT_VERSION = 5.0;
				TARGETED_DEVICE_FAMILY = "1,2";
			};
			name = Release;
		};
		D0D233E62AF6CAE200FA8933 /* Debug */ = {
			isa = XCBuildConfiguration;
			buildSettings = {
				ALWAYS_EMBED_SWIFT_STANDARD_LIBRARIES = YES;
				BUNDLE_LOADER = "$(TEST_HOST)";
				CODE_SIGN_STYLE = Automatic;
				CURRENT_PROJECT_VERSION = 1;
				GENERATE_INFOPLIST_FILE = YES;
				IPHONEOS_DEPLOYMENT_TARGET = 17.0;
				MARKETING_VERSION = 1.0;
				PRODUCT_BUNDLE_IDENTIFIER = saringer.ScrumdingerTests;
				PRODUCT_NAME = "$(TARGET_NAME)";
				SWIFT_EMIT_LOC_STRINGS = NO;
				SWIFT_VERSION = 5.0;
				TARGETED_DEVICE_FAMILY = "1,2";
				TEST_HOST = "$(BUILT_PRODUCTS_DIR)/Scrumdinger.app/$(BUNDLE_EXECUTABLE_FOLDER_PATH)/Scrumdinger";
			};
			name = Debug;
		};
		D0D233E72AF6CAE200FA8933 /* Release */ = {
			isa = XCBuildConfiguration;
			buildSettings = {
				ALWAYS_EMBED_SWIFT_STANDARD_LIBRARIES = YES;
				BUNDLE_LOADER = "$(TEST_HOST)";
				CODE_SIGN_STYLE = Automatic;
				CURRENT_PROJECT_VERSION = 1;
				GENERATE_INFOPLIST_FILE = YES;
				IPHONEOS_DEPLOYMENT_TARGET = 17.0;
				MARKETING_VERSION = 1.0;
				PRODUCT_BUNDLE_IDENTIFIER = saringer.ScrumdingerTests;
				PRODUCT_NAME = "$(TARGET_NAME)";
				SWIFT_EMIT_LOC_STRINGS = NO;
				SWIFT_VERSION = 5.0;
				TARGETED_DEVICE_FAMILY = "1,2";
				TEST_HOST = "$(BUILT_PRODUCTS_DIR)/Scrumdinger.app/$(BUNDLE_EXECUTABLE_FOLDER_PATH)/Scrumdinger";
			};
			name = Release;
		};
		D0D233E92AF6CAE200FA8933 /* Debug */ = {
			isa = XCBuildConfiguration;
			buildSettings = {
				ALWAYS_EMBED_SWIFT_STANDARD_LIBRARIES = YES;
				CODE_SIGN_STYLE = Automatic;
				CURRENT_PROJECT_VERSION = 1;
				GENERATE_INFOPLIST_FILE = YES;
				MARKETING_VERSION = 1.0;
				PRODUCT_BUNDLE_IDENTIFIER = saringer.ScrumdingerUITests;
				PRODUCT_NAME = "$(TARGET_NAME)";
				SWIFT_EMIT_LOC_STRINGS = NO;
				SWIFT_VERSION = 5.0;
				TARGETED_DEVICE_FAMILY = "1,2";
				TEST_TARGET_NAME = Scrumdinger;
			};
			name = Debug;
		};
		D0D233EA2AF6CAE200FA8933 /* Release */ = {
			isa = XCBuildConfiguration;
			buildSettings = {
				ALWAYS_EMBED_SWIFT_STANDARD_LIBRARIES = YES;
				CODE_SIGN_STYLE = Automatic;
				CURRENT_PROJECT_VERSION = 1;
				GENERATE_INFOPLIST_FILE = YES;
				MARKETING_VERSION = 1.0;
				PRODUCT_BUNDLE_IDENTIFIER = saringer.ScrumdingerUITests;
				PRODUCT_NAME = "$(TARGET_NAME)";
				SWIFT_EMIT_LOC_STRINGS = NO;
				SWIFT_VERSION = 5.0;
				TARGETED_DEVICE_FAMILY = "1,2";
				TEST_TARGET_NAME = Scrumdinger;
			};
			name = Release;
		};
/* End XCBuildConfiguration section */

/* Begin XCConfigurationList section */
		D0D233B92AF6CAE100FA8933 /* Build configuration list for PBXProject "Scrumdinger" */ = {
			isa = XCConfigurationList;
			buildConfigurations = (
				D0D233E02AF6CAE200FA8933 /* Debug */,
				D0D233E12AF6CAE200FA8933 /* Release */,
			);
			defaultConfigurationIsVisible = 0;
			defaultConfigurationName = Release;
		};
		D0D233E22AF6CAE200FA8933 /* Build configuration list for PBXNativeTarget "Scrumdinger" */ = {
			isa = XCConfigurationList;
			buildConfigurations = (
				D0D233E32AF6CAE200FA8933 /* Debug */,
				D0D233E42AF6CAE200FA8933 /* Release */,
			);
			defaultConfigurationIsVisible = 0;
			defaultConfigurationName = Release;
		};
		D0D233E52AF6CAE200FA8933 /* Build configuration list for PBXNativeTarget "ScrumdingerTests" */ = {
			isa = XCConfigurationList;
			buildConfigurations = (
				D0D233E62AF6CAE200FA8933 /* Debug */,
				D0D233E72AF6CAE200FA8933 /* Release */,
			);
			defaultConfigurationIsVisible = 0;
			defaultConfigurationName = Release;
		};
		D0D233E82AF6CAE200FA8933 /* Build configuration list for PBXNativeTarget "ScrumdingerUITests" */ = {
			isa = XCConfigurationList;
			buildConfigurations = (
				D0D233E92AF6CAE200FA8933 /* Debug */,
				D0D233EA2AF6CAE200FA8933 /* Release */,
			);
			defaultConfigurationIsVisible = 0;
			defaultConfigurationName = Release;
		};
/* End XCConfigurationList section */
	};
	rootObject = D0D233B62AF6CAE100FA8933 /* Project object */;
}
